
Microsoft Visual Studio Solution File, Format Version 12.00
# Visual Studio 15
VisualStudioVersion = 15.0.28010.2050
MinimumVisualStudioVersion = 10.0.40219.1
Project("{FAE04EC0-301F-11D3-BF4B-00C04F79EFBC}") = "Problem 1", "Problem 1\Problem 1.csproj", "{8925FF3C-CFE9-4825-862B-CC59AB14CB9F}"
EndProject
Project("{FAE04EC0-301F-11D3-BF4B-00C04F79EFBC}") = "Problem 2", "Problem 2\Problem 2.csproj", "{B0645B02-B3AB-4900-9DD6-38ED529E2C4A}"
EndProject
Global
	GlobalSection(SolutionConfigurationPlatforms) = preSolution
		Debug|Any CPU = Debug|Any CPU
		Release|Any CPU = Release|Any CPU
	EndGlobalSection
	GlobalSection(ProjectConfigurationPlatforms) = postSolution
		{8925FF3C-CFE9-4825-862B-CC59AB14CB9F}.Debug|Any CPU.ActiveCfg = Debug|Any CPU
		{8925FF3C-CFE9-4825-862B-CC59AB14CB9F}.Debug|Any CPU.Build.0 = Debug|Any CPU
		{8925FF3C-CFE9-4825-862B-CC59AB14CB9F}.Release|Any CPU.ActiveCfg = Release|Any CPU
		{8925FF3C-CFE9-4825-862B-CC59AB14CB9F}.Release|Any CPU.Build.0 = Release|Any CPU
		{B0645B02-B3AB-4900-9DD6-38ED529E2C4A}.Debug|Any CPU.ActiveCfg = Debug|Any CPU
		{B0645B02-B3AB-4900-9DD6-38ED529E2C4A}.Debug|Any CPU.Build.0 = Debug|Any CPU
		{B0645B02-B3AB-4900-9DD6-38ED529E2C4A}.Release|Any CPU.ActiveCfg = Release|Any CPU
		{B0645B02-B3AB-4900-9DD6-38ED529E2C4A}.Release|Any CPU.Build.0 = Release|Any CPU
	EndGlobalSection
	GlobalSection(SolutionProperties) = preSolution
		HideSolutionNode = FALSE
	EndGlobalSection
	GlobalSection(ExtensibilityGlobals) = postSolution
		SolutionGuid = {6613E3D5-C608-469E-8CF1-ACC9988B1027}
	EndGlobalSection
EndGlobal
